
Microsoft Visual Studio Solution File, Format Version 12.00
# Visual Studio Version 17
VisualStudioVersion = 17.5.33414.496
MinimumVisualStudioVersion = 10.0.40219.1
Project("{9A19103F-16F7-4668-BE54-9A1E7A4F7556}") = "WinFormsApp1", "WinFormsApp1\WinFormsApp1.csproj", "{A6C7086D-8F73-45DC-89B4-CBCDF1916C77}"
EndProject
Project("{FAE04EC0-301F-11D3-BF4B-00C04F79EFBC}") = "WinFormsLibrary", "WinFormsLibrary\WinFormsLibrary.csproj", "{5DBCBB5B-266E-427F-BCC3-951388F3053D}"
EndProject
Global
	GlobalSection(SolutionConfigurationPlatforms) = preSolution
		Debug|Any CPU = Debug|Any CPU
		Release|Any CPU = Release|Any CPU
	EndGlobalSection
	GlobalSection(ProjectConfigurationPlatforms) = postSolution
		{A6C7086D-8F73-45DC-89B4-CBCDF1916C77}.Debug|Any CPU.ActiveCfg = Debug|Any CPU
		{A6C7086D-8F73-45DC-89B4-CBCDF1916C77}.Debug|Any CPU.Build.0 = Debug|Any CPU
		{A6C7086D-8F73-45DC-89B4-CBCDF1916C77}.Release|Any CPU.ActiveCfg = Release|Any CPU
		{A6C7086D-8F73-45DC-89B4-CBCDF1916C77}.Release|Any CPU.Build.0 = Release|Any CPU
		{5DBCBB5B-266E-427F-BCC3-951388F3053D}.Debug|Any CPU.ActiveCfg = Debug|Any CPU
		{5DBCBB5B-266E-427F-BCC3-951388F3053D}.Debug|Any CPU.Build.0 = Debug|Any CPU
		{5DBCBB5B-266E-427F-BCC3-951388F3053D}.Release|Any CPU.ActiveCfg = Release|Any CPU
		{5DBCBB5B-266E-427F-BCC3-951388F3053D}.Release|Any CPU.Build.0 = Release|Any CPU
	EndGlobalSection
	GlobalSection(SolutionProperties) = preSolution
		HideSolutionNode = FALSE
	EndGlobalSection
	GlobalSection(ExtensibilityGlobals) = postSolution
		SolutionGuid = {95F6962C-2D45-4D17-83B6-1691B301C043}
	EndGlobalSection
EndGlobal
